
Microsoft Visual Studio Solution File, Format Version 12.00
# Visual Studio Version 17
VisualStudioVersion = 17.8.34330.188
MinimumVisualStudioVersion = 10.0.40219.1
Project("{FAE04EC0-301F-11D3-BF4B-00C04F79EFBC}") = "at Yarışı", "at Yarışı\at Yarışı.csproj", "{0631AE5F-06D1-4569-81E0-3B27DFDBFFFE}"
EndProject
Global
	GlobalSection(SolutionConfigurationPlatforms) = preSolution
		Debug|Any CPU = Debug|Any CPU
		Release|Any CPU = Release|Any CPU
	EndGlobalSection
	GlobalSection(ProjectConfigurationPlatforms) = postSolution
		{0631AE5F-06D1-4569-81E0-3B27DFDBFFFE}.Debug|Any CPU.ActiveCfg = Debug|Any CPU
		{0631AE5F-06D1-4569-81E0-3B27DFDBFFFE}.Debug|Any CPU.Build.0 = Debug|Any CPU
		{0631AE5F-06D1-4569-81E0-3B27DFDBFFFE}.Release|Any CPU.ActiveCfg = Release|Any CPU
		{0631AE5F-06D1-4569-81E0-3B27DFDBFFFE}.Release|Any CPU.Build.0 = Release|Any CPU
	EndGlobalSection
	GlobalSection(SolutionProperties) = preSolution
		HideSolutionNode = FALSE
	EndGlobalSection
	GlobalSection(ExtensibilityGlobals) = postSolution
		SolutionGuid = {B2319CAF-BF78-4D90-BEBE-2CE6717132DE}
	EndGlobalSection
EndGlobal
